
Microsoft Visual Studio Solution File, Format Version 11.00
# Visual Studio 2010
Project("{8BC9CEB8-8B4A-11D0-8D11-00A0C91BC942}") = "LexicalAnalyser", "LexicalAnalyser.vcxproj", "{1746B2A0-EEAC-441E-AB37-09468B543F7C}"
EndProject
Global
	GlobalSection(SolutionConfigurationPlatforms) = preSolution
		Debug|Win32 = Debug|Win32
		Release|Win32 = Release|Win32
	EndGlobalSection
	GlobalSection(ProjectConfigurationPlatforms) = postSolution
		{1746B2A0-EEAC-441E-AB37-09468B543F7C}.Debug|Win32.ActiveCfg = Debug|Win32
		{1746B2A0-EEAC-441E-AB37-09468B543F7C}.Debug|Win32.Build.0 = Debug|Win32
		{1746B2A0-EEAC-441E-AB37-09468B543F7C}.Release|Win32.ActiveCfg = Release|Win32
		{1746B2A0-EEAC-441E-AB37-09468B543F7C}.Release|Win32.Build.0 = Release|Win32
	EndGlobalSection
	GlobalSection(SolutionProperties) = preSolution
		HideSolutionNode = FALSE
	EndGlobalSection
EndGlobal
