
Microsoft Visual Studio Solution File, Format Version 11.00
# Visual Studio 2010
Project("{FAE04EC0-301F-11D3-BF4B-00C04F79EFBC}") = "语法分析器", "语法分析器.csproj", "{9DBC80A0-EFE6-4515-BD32-FB5658BBA9DF}"
EndProject
Global
	GlobalSection(SolutionConfigurationPlatforms) = preSolution
		Debug|Any CPU = Debug|Any CPU
		Release|Any CPU = Release|Any CPU
	EndGlobalSection
	GlobalSection(ProjectConfigurationPlatforms) = postSolution
		{9DBC80A0-EFE6-4515-BD32-FB5658BBA9DF}.Debug|Any CPU.ActiveCfg = Debug|Any CPU
		{9DBC80A0-EFE6-4515-BD32-FB5658BBA9DF}.Debug|Any CPU.Build.0 = Debug|Any CPU
		{9DBC80A0-EFE6-4515-BD32-FB5658BBA9DF}.Release|Any CPU.ActiveCfg = Release|Any CPU
		{9DBC80A0-EFE6-4515-BD32-FB5658BBA9DF}.Release|Any CPU.Build.0 = Release|Any CPU
	EndGlobalSection
	GlobalSection(SolutionProperties) = preSolution
		HideSolutionNode = FALSE
	EndGlobalSection
EndGlobal
